
Microsoft Visual Studio Solution File, Format Version 12.00
# Visual Studio Version 17
VisualStudioVersion = 17.14.36603.0 d17.14
MinimumVisualStudioVersion = 10.0.40219.1
Project("{FAE04EC0-301F-11D3-BF4B-00C04F79EFBC}") = "ConsultaPlus.API", "ConsultaPlus.API\ConsultaPlus.API.csproj", "{855C025B-234F-4F77-9776-AFAE64BFF4D6}"
EndProject
Global
	GlobalSection(SolutionConfigurationPlatforms) = preSolution
		Debug|Any CPU = Debug|Any CPU
		Release|Any CPU = Release|Any CPU
	EndGlobalSection
	GlobalSection(ProjectConfigurationPlatforms) = postSolution
		{855C025B-234F-4F77-9776-AFAE64BFF4D6}.Debug|Any CPU.ActiveCfg = Debug|Any CPU
		{855C025B-234F-4F77-9776-AFAE64BFF4D6}.Debug|Any CPU.Build.0 = Debug|Any CPU
		{855C025B-234F-4F77-9776-AFAE64BFF4D6}.Release|Any CPU.ActiveCfg = Release|Any CPU
		{855C025B-234F-4F77-9776-AFAE64BFF4D6}.Release|Any CPU.Build.0 = Release|Any CPU
	EndGlobalSection
	GlobalSection(SolutionProperties) = preSolution
		HideSolutionNode = FALSE
	EndGlobalSection
	GlobalSection(ExtensibilityGlobals) = postSolution
		SolutionGuid = {BE09633F-B0E9-448F-83B0-EADB65BE0100}
	EndGlobalSection
EndGlobal
